{
    "_readme": [
        "This file locks the dependencies of your project to a known state",
        "Read more about it at https://getcomposer.org/doc/01-basic-usage.md#installing-dependencies",
        "This file is @generated automatically"
    ],
    "content-hash": "ab7f2ba454f0ee23f479bfc481da61f3",
    "packages": [],
    "packages-dev": [
        {
            "name": "symfony/thanks",
            "version": "v1.1.0",
            "source": {
                "type": "git",
                "url": "https://github.com/symfony/thanks.git",
                "reference": "9474a631b52737c623b6aeba22f00bbc003251da"
            },
            "dist": {
                "type": "zip",
                "url": "https://api.github.com/repos/symfony/thanks/zipball/9474a631b52737c623b6aeba22f00bbc003251da",
                "reference": "9474a631b52737c623b6aeba22f00bbc003251da",
                "shasum": ""
            },
            "require": {
                "composer-plugin-api": "^1.0",
                "php": "^5.5.9|^7.0.0"
            },
            "type": "composer-plugin",
            "extra": {
                "branch-alias": {
                    "dev-master": "1.0-dev"
                },
                "class": "Symfony\\Thanks\\Thanks"
            },
            "autoload": {
                "psr-4": {
                    "Symfony\\Thanks\\": "src"
                }
            },
            "notification-url": "https://packagist.org/downloads/",
            "license": [
                "MIT"
            ],
            "authors": [
                {
                    "name": "Nicolas Grekas",
                    "email": "p@tchwork.com"
                }
            ],
            "description": "Give thanks (in the form of a GitHub ⭐) to your fellow PHP package maintainers (not limited to Symfony components)!",
            "time": "2018-08-24T14:08:13+00:00"
        }
    ],
    "aliases": [],
    "minimum-stability": "stable",
    "stability-flags": [],
    "prefer-stable": false,
    "prefer-lowest": false,
    "platform": [],
    "platform-dev": []
}
